// !$*UTF8*$!
{
	archiveVersion = 1;
	classes = {
	};
	objectVersion = 56;
	objects = {

/* Begin PBXBuildFile section */
		B08EF2C228E42FDB0099F5B0 /* AppDelegate.swift in Sources */ = {isa = PBXBuildFile; fileRef = B08EF2C128E42FDB0099F5B0 /* AppDelegate.swift */; };
		B08EF2C428E42FDB0099F5B0 /* SceneDelegate.swift in Sources */ = {isa = PBXBuildFile; fileRef = B08EF2C328E42FDB0099F5B0 /* SceneDelegate.swift */; };
		B08EF2C628E42FDB0099F5B0 /* ViewController.swift in Sources */ = {isa = PBXBuildFile; fileRef = B08EF2C528E42FDB0099F5B0 /* ViewController.swift */; };
		B08EF2C928E42FDB0099F5B0 /* Main.storyboard in Resources */ = {isa = PBXBuildFile; fileRef = B08EF2C728E42FDB0099F5B0 /* Main.storyboard */; };
		B08EF2CB28E42FDD0099F5B0 /* Assets.xcassets in Resources */ = {isa = PBXBuildFile; fileRef = B08EF2CA28E42FDD0099F5B0 /* Assets.xcassets */; };
		B08EF2CE28E42FDD0099F5B0 /* LaunchScreen.storyboard in Resources */ = {isa = PBXBuildFile; fileRef = B08EF2CC28E42FDD0099F5B0 /* LaunchScreen.storyboard */; };
		B08EF2D928E42FDD0099F5B0 /* ToDoAppTests.swift in Sources */ = {isa = PBXBuildFile; fileRef = B08EF2D828E42FDD0099F5B0 /* ToDoAppTests.swift */; };
		B08EF2E328E42FDD0099F5B0 /* ToDoAppUITests.swift in Sources */ = {isa = PBXBuildFile; fileRef = B08EF2E228E42FDD0099F5B0 /* ToDoAppUITests.swift */; };
		B08EF2E528E42FDD0099F5B0 /* ToDoAppUITestsLaunchTests.swift in Sources */ = {isa = PBXBuildFile; fileRef = B08EF2E428E42FDD0099F5B0 /* ToDoAppUITestsLaunchTests.swift */; };
/* End PBXBuildFile section */

/* Begin PBXContainerItemProxy section */
		B08EF2D528E42FDD0099F5B0 /* PBXContainerItemProxy */ = {
			isa = PBXContainerItemProxy;
			containerPortal = B08EF2B628E42FDB0099F5B0 /* Project object */;
			proxyType = 1;
			remoteGlobalIDString = B08EF2BD28E42FDB0099F5B0;
			remoteInfo = ToDoApp;
		};
		B08EF2DF28E42FDD0099F5B0 /* PBXContainerItemProxy */ = {
			isa = PBXContainerItemProxy;
			containerPortal = B08EF2B628E42FDB0099F5B0 /* Project object */;
			proxyType = 1;
			remoteGlobalIDString = B08EF2BD28E42FDB0099F5B0;
			remoteInfo = ToDoApp;
		};
/* End PBXContainerItemProxy section */

/* Begin PBXFileReference section */
		B08EF2BE28E42FDB0099F5B0 /* ToDoApp.app */ = {isa = PBXFileReference; explicitFileType = wrapper.application; includeInIndex = 0; path = ToDoApp.app; sourceTree = BUILT_PRODUCTS_DIR; };
		B08EF2C128E42FDB0099F5B0 /* AppDelegate.swift */ = {isa = PBXFileReference; lastKnownFileType = sourcecode.swift; path = AppDelegate.swift; sourceTree = "<group>"; };
		B08EF2C328E42FDB0099F5B0 /* SceneDelegate.swift */ = {isa = PBXFileReference; lastKnownFileType = sourcecode.swift; path = SceneDelegate.swift; sourceTree = "<group>"; };
		B08EF2C528E42FDB0099F5B0 /* ViewController.swift */ = {isa = PBXFileReference; lastKnownFileType = sourcecode.swift; path = ViewController.swift; sourceTree = "<group>"; };
		B08EF2C828E42FDB0099F5B0 /* Base */ = {isa = PBXFileReference; lastKnownFileType = file.storyboard; name = Base; path = Base.lproj/Main.storyboard; sourceTree = "<group>"; };
		B08EF2CA28E42FDD0099F5B0 /* Assets.xcassets */ = {isa = PBXFileReference; lastKnownFileType = folder.assetcatalog; path = Assets.xcassets; sourceTree = "<group>"; };
		B08EF2CD28E42FDD0099F5B0 /* Base */ = {isa = PBXFileReference; lastKnownFileType = file.storyboard; name = Base; path = Base.lproj/LaunchScreen.storyboard; sourceTree = "<group>"; };
		B08EF2CF28E42FDD0099F5B0 /* Info.plist */ = {isa = PBXFileReference; lastKnownFileType = text.plist.xml; path = Info.plist; sourceTree = "<group>"; };
		B08EF2D428E42FDD0099F5B0 /* ToDoAppTests.xctest */ = {isa = PBXFileReference; explicitFileType = wrapper.cfbundle; includeInIndex = 0; path = ToDoAppTests.xctest; sourceTree = BUILT_PRODUCTS_DIR; };
		B08EF2D828E42FDD0099F5B0 /* ToDoAppTests.swift */ = {isa = PBXFileReference; lastKnownFileType = sourcecode.swift; path = ToDoAppTests.swift; sourceTree = "<group>"; };
		B08EF2DE28E42FDD0099F5B0 /* ToDoAppUITests.xctest */ = {isa = PBXFileReference; explicitFileType = wrapper.cfbundle; includeInIndex = 0; path = ToDoAppUITests.xctest; sourceTree = BUILT_PRODUCTS_DIR; };
		B08EF2E228E42FDD0099F5B0 /* ToDoAppUITests.swift */ = {isa = PBXFileReference; lastKnownFileType = sourcecode.swift; path = ToDoAppUITests.swift; sourceTree = "<group>"; };
		B08EF2E428E42FDD0099F5B0 /* ToDoAppUITestsLaunchTests.swift */ = {isa = PBXFileReference; lastKnownFileType = sourcecode.swift; path = ToDoAppUITestsLaunchTests.swift; sourceTree = "<group>"; };
/* End PBXFileReference section */

/* Begin PBXFrameworksBuildPhase section */
		B08EF2BB28E42FDB0099F5B0 /* Frameworks */ = {
			isa = PBXFrameworksBuildPhase;
			buildActionMask = 2147483647;
			files = (
			);
			runOnlyForDeploymentPostprocessing = 0;
		};
		B08EF2D128E42FDD0099F5B0 /* Frameworks */ = {
			isa = PBXFrameworksBuildPhase;
			buildActionMask = 2147483647;
			files = (
			);
			runOnlyForDeploymentPostprocessing = 0;
		};
		B08EF2DB28E42FDD0099F5B0 /* Frameworks */ = {
			isa = PBXFrameworksBuildPhase;
			buildActionMask = 2147483647;
			files = (
			);
			runOnlyForDeploymentPostprocessing = 0;
		};
/* End PBXFrameworksBuildPhase section */

/* Begin PBXGroup section */
		B08EF2B528E42FDB0099F5B0 = {
			isa = PBXGroup;
			children = (
				B08EF2C028E42FDB0099F5B0 /* ToDoApp */,
				B08EF2D728E42FDD0099F5B0 /* ToDoAppTests */,
				B08EF2E128E42FDD0099F5B0 /* ToDoAppUITests */,
				B08EF2BF28E42FDB0099F5B0 /* Products */,
			);
			sourceTree = "<group>";
		};
		B08EF2BF28E42FDB0099F5B0 /* Products */ = {
			isa = PBXGroup;
			children = (
				B08EF2BE28E42FDB0099F5B0 /* ToDoApp.app */,
				B08EF2D428E42FDD0099F5B0 /* ToDoAppTests.xctest */,
				B08EF2DE28E42FDD0099F5B0 /* ToDoAppUITests.xctest */,
			);
			name = Products;
			sourceTree = "<group>";
		};
		B08EF2C028E42FDB0099F5B0 /* ToDoApp */ = {
			isa = PBXGroup;
			children = (
				B08EF2C128E42FDB0099F5B0 /* AppDelegate.swift */,
				B08EF2C328E42FDB0099F5B0 /* SceneDelegate.swift */,
				B08EF2C528E42FDB0099F5B0 /* ViewController.swift */,
				B08EF2C728E42FDB0099F5B0 /* Main.storyboard */,
				B08EF2CA28E42FDD0099F5B0 /* Assets.xcassets */,
				B08EF2CC28E42FDD0099F5B0 /* LaunchScreen.storyboard */,
				B08EF2CF28E42FDD0099F5B0 /* Info.plist */,
			);
			path = ToDoApp;
			sourceTree = "<group>";
		};
		B08EF2D728E42FDD0099F5B0 /* ToDoAppTests */ = {
			isa = PBXGroup;
			children = (
				B08EF2D828E42FDD0099F5B0 /* ToDoAppTests.swift */,
			);
			path = ToDoAppTests;
			sourceTree = "<group>";
		};
		B08EF2E128E42FDD0099F5B0 /* ToDoAppUITests */ = {
			isa = PBXGroup;
			children = (
				B08EF2E228E42FDD0099F5B0 /* ToDoAppUITests.swift */,
				B08EF2E428E42FDD0099F5B0 /* ToDoAppUITestsLaunchTests.swift */,
			);
			path = ToDoAppUITests;
			sourceTree = "<group>";
		};
/* End PBXGroup section */

/* Begin PBXNativeTarget section */
		B08EF2BD28E42FDB0099F5B0 /* ToDoApp */ = {
			isa = PBXNativeTarget;
			buildConfigurationList = B08EF2E828E42FDD0099F5B0 /* Build configuration list for PBXNativeTarget "ToDoApp" */;
			buildPhases = (
				B08EF2BA28E42FDB0099F5B0 /* Sources */,
				B08EF2BB28E42FDB0099F5B0 /* Frameworks */,
				B08EF2BC28E42FDB0099F5B0 /* Resources */,
			);
			buildRules = (
			);
			dependencies = (
			);
			name = ToDoApp;
			productName = ToDoApp;
			productReference = B08EF2BE28E42FDB0099F5B0 /* ToDoApp.app */;
			productType = "com.apple.product-type.application";
		};
		B08EF2D328E42FDD0099F5B0 /* ToDoAppTests */ = {
			isa = PBXNativeTarget;
			buildConfigurationList = B08EF2EB28E42FDD0099F5B0 /* Build configuration list for PBXNativeTarget "ToDoAppTests" */;
			buildPhases = (
				B08EF2D028E42FDD0099F5B0 /* Sources */,
				B08EF2D128E42FDD0099F5B0 /* Frameworks */,
				B08EF2D228E42FDD0099F5B0 /* Resources */,
			);
			buildRules = (
			);
			dependencies = (
				B08EF2D628E42FDD0099F5B0 /* PBXTargetDependency */,
			);
			name = ToDoAppTests;
			productName = ToDoAppTests;
			productReference = B08EF2D428E42FDD0099F5B0 /* ToDoAppTests.xctest */;
			productType = "com.apple.product-type.bundle.unit-test";
		};
		B08EF2DD28E42FDD0099F5B0 /* ToDoAppUITests */ = {
			isa = PBXNativeTarget;
			buildConfigurationList = B08EF2EE28E42FDD0099F5B0 /* Build configuration list for PBXNativeTarget "ToDoAppUITests" */;
			buildPhases = (
				B08EF2DA28E42FDD0099F5B0 /* Sources */,
				B08EF2DB28E42FDD0099F5B0 /* Frameworks */,
				B08EF2DC28E42FDD0099F5B0 /* Resources */,
			);
			buildRules = (
			);
			dependencies = (
				B08EF2E028E42FDD0099F5B0 /* PBXTargetDependency */,
			);
			name = ToDoAppUITests;
			productName = ToDoAppUITests;
			productReference = B08EF2DE28E42FDD0099F5B0 /* ToDoAppUITests.xctest */;
			productType = "com.apple.product-type.bundle.ui-testing";
		};
/* End PBXNativeTarget section */

/* Begin PBXProject section */
		B08EF2B628E42FDB0099F5B0 /* Project object */ = {
			isa = PBXProject;
			attributes = {
				BuildIndependentTargetsInParallel = 1;
				LastSwiftUpdateCheck = 1400;
				LastUpgradeCheck = 1400;
				TargetAttributes = {
					B08EF2BD28E42FDB0099F5B0 = {
						CreatedOnToolsVersion = 14.0;
					};
					B08EF2D328E42FDD0099F5B0 = {
						CreatedOnToolsVersion = 14.0;
						TestTargetID = B08EF2BD28E42FDB0099F5B0;
					};
					B08EF2DD28E42FDD0099F5B0 = {
						CreatedOnToolsVersion = 14.0;
						TestTargetID = B08EF2BD28E42FDB0099F5B0;
					};
				};
			};
			buildConfigurationList = B08EF2B928E42FDB0099F5B0 /* Build configuration list for PBXProject "ToDoApp" */;
			compatibilityVersion = "Xcode 14.0";
			developmentRegion = en;
			hasScannedForEncodings = 0;
			knownRegions = (
				en,
				Base,
			);
			mainGroup = B08EF2B528E42FDB0099F5B0;
			productRefGroup = B08EF2BF28E42FDB0099F5B0 /* Products */;
			projectDirPath = "";
			projectRoot = "";
			targets = (
				B08EF2BD28E42FDB0099F5B0 /* ToDoApp */,
				B08EF2D328E42FDD0099F5B0 /* ToDoAppTests */,
				B08EF2DD28E42FDD0099F5B0 /* ToDoAppUITests */,
			);
		};
/* End PBXProject section */

/* Begin PBXResourcesBuildPhase section */
		B08EF2BC28E42FDB0099F5B0 /* Resources */ = {
			isa = PBXResourcesBuildPhase;
			buildActionMask = 2147483647;
			files = (
				B08EF2CE28E42FDD0099F5B0 /* LaunchScreen.storyboard in Resources */,
				B08EF2CB28E42FDD0099F5B0 /* Assets.xcassets in Resources */,
				B08EF2C928E42FDB0099F5B0 /* Main.storyboard in Resources */,
			);
			runOnlyForDeploymentPostprocessing = 0;
		};
		B08EF2D228E42FDD0099F5B0 /* Resources */ = {
			isa = PBXResourcesBuildPhase;
			buildActionMask = 2147483647;
			files = (
			);
			runOnlyForDeploymentPostprocessing = 0;
		};
		B08EF2DC28E42FDD0099F5B0 /* Resources */ = {
			isa = PBXResourcesBuildPhase;
			buildActionMask = 2147483647;
			files = (
			);
			runOnlyForDeploymentPostprocessing = 0;
		};
/* End PBXResourcesBuildPhase section */

/* Begin PBXSourcesBuildPhase section */
		B08EF2BA28E42FDB0099F5B0 /* Sources */ = {
			isa = PBXSourcesBuildPhase;
			buildActionMask = 2147483647;
			files = (
				B08EF2C628E42FDB0099F5B0 /* ViewController.swift in Sources */,
				B08EF2C228E42FDB0099F5B0 /* AppDelegate.swift in Sources */,
				B08EF2C428E42FDB0099F5B0 /* SceneDelegate.swift in Sources */,
			);
			runOnlyForDeploymentPostprocessing = 0;
		};
		B08EF2D028E42FDD0099F5B0 /* Sources */ = {
			isa = PBXSourcesBuildPhase;
			buildActionMask = 2147483647;
			files = (
				B08EF2D928E42FDD0099F5B0 /* ToDoAppTests.swift in Sources */,
			);
			runOnlyForDeploymentPostprocessing = 0;
		};
		B08EF2DA28E42FDD0099F5B0 /* Sources */ = {
			isa = PBXSourcesBuildPhase;
			buildActionMask = 2147483647;
			files = (
				B08EF2E528E42FDD0099F5B0 /* ToDoAppUITestsLaunchTests.swift in Sources */,
				B08EF2E328E42FDD0099F5B0 /* ToDoAppUITests.swift in Sources */,
			);
			runOnlyForDeploymentPostprocessing = 0;
		};
/* End PBXSourcesBuildPhase section */

/* Begin PBXTargetDependency section */
		B08EF2D628E42FDD0099F5B0 /* PBXTargetDependency */ = {
			isa = PBXTargetDependency;
			target = B08EF2BD28E42FDB0099F5B0 /* ToDoApp */;
			targetProxy = B08EF2D528E42FDD0099F5B0 /* PBXContainerItemProxy */;
		};
		B08EF2E028E42FDD0099F5B0 /* PBXTargetDependency */ = {
			isa = PBXTargetDependency;
			target = B08EF2BD28E42FDB0099F5B0 /* ToDoApp */;
			targetProxy = B08EF2DF28E42FDD0099F5B0 /* PBXContainerItemProxy */;
		};
/* End PBXTargetDependency section */

/* Begin PBXVariantGroup section */
		B08EF2C728E42FDB0099F5B0 /* Main.storyboard */ = {
			isa = PBXVariantGroup;
			children = (
				B08EF2C828E42FDB0099F5B0 /* Base */,
			);
			name = Main.storyboard;
			sourceTree = "<group>";
		};
		B08EF2CC28E42FDD0099F5B0 /* LaunchScreen.storyboard */ = {
			isa = PBXVariantGroup;
			children = (
				B08EF2CD28E42FDD0099F5B0 /* Base */,
			);
			name = LaunchScreen.storyboard;
			sourceTree = "<group>";
		};
/* End PBXVariantGroup section */

/* Begin XCBuildConfiguration section */
		B08EF2E628E42FDD0099F5B0 /* Debug */ = {
			isa = XCBuildConfiguration;
			buildSettings = {
				ALWAYS_SEARCH_USER_PATHS = NO;
				CLANG_ANALYZER_NONNULL = YES;
				CLANG_ANALYZER_NUMBER_OBJECT_CONVERSION = YES_AGGRESSIVE;
				CLANG_CXX_LANGUAGE_STANDARD = "gnu++20";
				CLANG_ENABLE_MODULES = YES;
				CLANG_ENABLE_OBJC_ARC = YES;
				CLANG_ENABLE_OBJC_WEAK = YES;
				CLANG_WARN_BLOCK_CAPTURE_AUTORELEASING = YES;
				CLANG_WARN_BOOL_CONVERSION = YES;
				CLANG_WARN_COMMA = YES;
				CLANG_WARN_CONSTANT_CONVERSION = YES;
				CLANG_WARN_DEPRECATED_OBJC_IMPLEMENTATIONS = YES;
				CLANG_WARN_DIRECT_OBJC_ISA_USAGE = YES_ERROR;
				CLANG_WARN_DOCUMENTATION_COMMENTS = YES;
				CLANG_WARN_EMPTY_BODY = YES;
				CLANG_WARN_ENUM_CONVERSION = YES;
				CLANG_WARN_INFINITE_RECURSION = YES;
				CLANG_WARN_INT_CONVERSION = YES;
				CLANG_WARN_NON_LITERAL_NULL_CONVERSION = YES;
				CLANG_WARN_OBJC_IMPLICIT_RETAIN_SELF = YES;
				CLANG_WARN_OBJC_LITERAL_CONVERSION = YES;
				CLANG_WARN_OBJC_ROOT_CLASS = YES_ERROR;
				CLANG_WARN_QUOTED_INCLUDE_IN_FRAMEWORK_HEADER = YES;
				CLANG_WARN_RANGE_LOOP_ANALYSIS = YES;
				CLANG_WARN_STRICT_PROTOTYPES = YES;
				CLANG_WARN_SUSPICIOUS_MOVE = YES;
				CLANG_WARN_UNGUARDED_AVAILABILITY = YES_AGGRESSIVE;
				CLANG_WARN_UNREACHABLE_CODE = YES;
				CLANG_WARN__DUPLICATE_METHOD_MATCH = YES;
				COPY_PHASE_STRIP = NO;
				DEBUG_INFORMATION_FORMAT = dwarf;
				ENABLE_STRICT_OBJC_MSGSEND = YES;
				ENABLE_TESTABILITY = YES;
				GCC_C_LANGUAGE_STANDARD = gnu11;
				GCC_DYNAMIC_NO_PIC = NO;
				GCC_NO_COMMON_BLOCKS = YES;
				GCC_OPTIMIZATION_LEVEL = 0;
				GCC_PREPROCESSOR_DEFINITIONS = (
					"DEBUG=1",
					"$(inherited)",
				);
				GCC_WARN_64_TO_32_BIT_CONVERSION = YES;
				GCC_WARN_ABOUT_RETURN_TYPE = YES_ERROR;
				GCC_WARN_UNDECLARED_SELECTOR = YES;
				GCC_WARN_UNINITIALIZED_AUTOS = YES_AGGRESSIVE;
				GCC_WARN_UNUSED_FUNCTION = YES;
				GCC_WARN_UNUSED_VARIABLE = YES;
				IPHONEOS_DEPLOYMENT_TARGET = 16.0;
				MTL_ENABLE_DEBUG_INFO = INCLUDE_SOURCE;
				MTL_FAST_MATH = YES;
				ONLY_ACTIVE_ARCH = YES;
				SDKROOT = iphoneos;
				SWIFT_ACTIVE_COMPILATION_CONDITIONS = DEBUG;
				SWIFT_OPTIMIZATION_LEVEL = "-Onone";
			};
			name = Debug;
		};
		B08EF2E728E42FDD0099F5B0 /* Release */ = {
			isa = XCBuildConfiguration;
			buildSettings = {
				ALWAYS_SEARCH_USER_PATHS = NO;
				CLANG_ANALYZER_NONNULL = YES;
				CLANG_ANALYZER_NUMBER_OBJECT_CONVERSION = YES_AGGRESSIVE;
				CLANG_CXX_LANGUAGE_STANDARD = "gnu++20";
				CLANG_ENABLE_MODULES = YES;
				CLANG_ENABLE_OBJC_ARC = YES;
				CLANG_ENABLE_OBJC_WEAK = YES;
				CLANG_WARN_BLOCK_CAPTURE_AUTORELEASING = YES;
				CLANG_WARN_BOOL_CONVERSION = YES;
				CLANG_WARN_COMMA = YES;
				CLANG_WARN_CONSTANT_CONVERSION = YES;
				CLANG_WARN_DEPRECATED_OBJC_IMPLEMENTATIONS = YES;
				CLANG_WARN_DIRECT_OBJC_ISA_USAGE = YES_ERROR;
				CLANG_WARN_DOCUMENTATION_COMMENTS = YES;
				CLANG_WARN_EMPTY_BODY = YES;
				CLANG_WARN_ENUM_CONVERSION = YES;
				CLANG_WARN_INFINITE_RECURSION = YES;
				CLANG_WARN_INT_CONVERSION = YES;
				CLANG_WARN_NON_LITERAL_NULL_CONVERSION = YES;
				CLANG_WARN_OBJC_IMPLICIT_RETAIN_SELF = YES;
				CLANG_WARN_OBJC_LITERAL_CONVERSION = YES;
				CLANG_WARN_OBJC_ROOT_CLASS = YES_ERROR;
				CLANG_WARN_QUOTED_INCLUDE_IN_FRAMEWORK_HEADER = YES;
				CLANG_WARN_RANGE_LOOP_ANALYSIS = YES;
				CLANG_WARN_STRICT_PROTOTYPES = YES;
				CLANG_WARN_SUSPICIOUS_MOVE = YES;
				CLANG_WARN_UNGUARDED_AVAILABILITY = YES_AGGRESSIVE;
				CLANG_WARN_UNREACHABLE_CODE = YES;
				CLANG_WARN__DUPLICATE_METHOD_MATCH = YES;
				COPY_PHASE_STRIP = NO;
				DEBUG_INFORMATION_FORMAT = "dwarf-with-dsym";
				ENABLE_NS_ASSERTIONS = NO;
				ENABLE_STRICT_OBJC_MSGSEND = YES;
				GCC_C_LANGUAGE_STANDARD = gnu11;
				GCC_NO_COMMON_BLOCKS = YES;
				GCC_WARN_64_TO_32_BIT_CONVERSION = YES;
				GCC_WARN_ABOUT_RETURN_TYPE = YES_ERROR;
				GCC_WARN_UNDECLARED_SELECTOR = YES;
				GCC_WARN_UNINITIALIZED_AUTOS = YES_AGGRESSIVE;
				GCC_WARN_UNUSED_FUNCTION = YES;
				GCC_WARN_UNUSED_VARIABLE = YES;
				IPHONEOS_DEPLOYMENT_TARGET = 16.0;
				MTL_ENABLE_DEBUG_INFO = NO;
				MTL_FAST_MATH = YES;
				SDKROOT = iphoneos;
				SWIFT_COMPILATION_MODE = wholemodule;
				SWIFT_OPTIMIZATION_LEVEL = "-O";
				VALIDATE_PRODUCT = YES;
			};
			name = Release;
		};
		B08EF2E928E42FDD0099F5B0 /* Debug */ = {
			isa = XCBuildConfiguration;
			buildSettings = {
				ASSETCATALOG_COMPILER_APPICON_NAME = AppIcon;
				ASSETCATALOG_COMPILER_GLOBAL_ACCENT_COLOR_NAME = AccentColor;
				CODE_SIGN_STYLE = Automatic;
				CURRENT_PROJECT_VERSION = 1;
				DEVELOPMENT_TEAM = P5N66NC5M2;
				GENERATE_INFOPLIST_FILE = YES;
				INFOPLIST_FILE = ToDoApp/Info.plist;
				INFOPLIST_KEY_UIApplicationSupportsIndirectInputEvents = YES;
				INFOPLIST_KEY_UILaunchStoryboardName = LaunchScreen;
				INFOPLIST_KEY_UIMainStoryboardFile = Main;
				INFOPLIST_KEY_UISupportedInterfaceOrientations_iPad = "UIInterfaceOrientationPortrait UIInterfaceOrientationPortraitUpsideDown UIInterfaceOrientationLandscapeLeft UIInterfaceOrientationLandscapeRight";
				INFOPLIST_KEY_UISupportedInterfaceOrientations_iPhone = "UIInterfaceOrientationPortrait UIInterfaceOrientationLandscapeLeft UIInterfaceOrientationLandscapeRight";
				LD_RUNPATH_SEARCH_PATHS = (
					"$(inherited)",
					"@executable_path/Frameworks",
				);
				MARKETING_VERSION = 1.0;
				PRODUCT_BUNDLE_IDENTIFIER = com.erenbagci.ToDoApp;
				PRODUCT_NAME = "$(TARGET_NAME)";
				SWIFT_EMIT_LOC_STRINGS = YES;
				SWIFT_VERSION = 5.0;
				TARGETED_DEVICE_FAMILY = "1,2";
			};
			name = Debug;
		};
		B08EF2EA28E42FDD0099F5B0 /* Release */ = {
			isa = XCBuildConfiguration;
			buildSettings = {
				ASSETCATALOG_COMPILER_APPICON_NAME = AppIcon;
				ASSETCATALOG_COMPILER_GLOBAL_ACCENT_COLOR_NAME = AccentColor;
				CODE_SIGN_STYLE = Automatic;
				CURRENT_PROJECT_VERSION = 1;
				DEVELOPMENT_TEAM = P5N66NC5M2;
				GENERATE_INFOPLIST_FILE = YES;
				INFOPLIST_FILE = ToDoApp/Info.plist;
				INFOPLIST_KEY_UIApplicationSupportsIndirectInputEvents = YES;
				INFOPLIST_KEY_UILaunchStoryboardName = LaunchScreen;
				INFOPLIST_KEY_UIMainStoryboardFile = Main;
				INFOPLIST_KEY_UISupportedInterfaceOrientations_iPad = "UIInterfaceOrientationPortrait UIInterfaceOrientationPortraitUpsideDown UIInterfaceOrientationLandscapeLeft UIInterfaceOrientationLandscapeRight";
				INFOPLIST_KEY_UISupportedInterfaceOrientations_iPhone = "UIInterfaceOrientationPortrait UIInterfaceOrientationLandscapeLeft UIInterfaceOrientationLandscapeRight";
				LD_RUNPATH_SEARCH_PATHS = (
					"$(inherited)",
					"@executable_path/Frameworks",
				);
				MARKETING_VERSION = 1.0;
				PRODUCT_BUNDLE_IDENTIFIER = com.erenbagci.ToDoApp;
				PRODUCT_NAME = "$(TARGET_NAME)";
				SWIFT_EMIT_LOC_STRINGS = YES;
				SWIFT_VERSION = 5.0;
				TARGETED_DEVICE_FAMILY = "1,2";
			};
			name = Release;
		};
		B08EF2EC28E42FDD0099F5B0 /* Debug */ = {
			isa = XCBuildConfiguration;
			buildSettings = {
				ALWAYS_EMBED_SWIFT_STANDARD_LIBRARIES = YES;
				BUNDLE_LOADER = "$(TEST_HOST)";
				CODE_SIGN_STYLE = Automatic;
				CURRENT_PROJECT_VERSION = 1;
				DEVELOPMENT_TEAM = P5N66NC5M2;
				GENERATE_INFOPLIST_FILE = YES;
				IPHONEOS_DEPLOYMENT_TARGET = 16.0;
				MARKETING_VERSION = 1.0;
				PRODUCT_BUNDLE_IDENTIFIER = com.erenbagci.ToDoAppTests;
				PRODUCT_NAME = "$(TARGET_NAME)";
				SWIFT_EMIT_LOC_STRINGS = NO;
				SWIFT_VERSION = 5.0;
				TARGETED_DEVICE_FAMILY = "1,2";
				TEST_HOST = "$(BUILT_PRODUCTS_DIR)/ToDoApp.app/$(BUNDLE_EXECUTABLE_FOLDER_PATH)/ToDoApp";
			};
			name = Debug;
		};
		B08EF2ED28E42FDD0099F5B0 /* Release */ = {
			isa = XCBuildConfiguration;
			buildSettings = {
				ALWAYS_EMBED_SWIFT_STANDARD_LIBRARIES = YES;
				BUNDLE_LOADER = "$(TEST_HOST)";
				CODE_SIGN_STYLE = Automatic;
				CURRENT_PROJECT_VERSION = 1;
				DEVELOPMENT_TEAM = P5N66NC5M2;
				GENERATE_INFOPLIST_FILE = YES;
				IPHONEOS_DEPLOYMENT_TARGET = 16.0;
				MARKETING_VERSION = 1.0;
				PRODUCT_BUNDLE_IDENTIFIER = com.erenbagci.ToDoAppTests;
				PRODUCT_NAME = "$(TARGET_NAME)";
				SWIFT_EMIT_LOC_STRINGS = NO;
				SWIFT_VERSION = 5.0;
				TARGETED_DEVICE_FAMILY = "1,2";
				TEST_HOST = "$(BUILT_PRODUCTS_DIR)/ToDoApp.app/$(BUNDLE_EXECUTABLE_FOLDER_PATH)/ToDoApp";
			};
			name = Release;
		};
		B08EF2EF28E42FDD0099F5B0 /* Debug */ = {
			isa = XCBuildConfiguration;
			buildSettings = {
				ALWAYS_EMBED_SWIFT_STANDARD_LIBRARIES = YES;
				CODE_SIGN_STYLE = Automatic;
				CURRENT_PROJECT_VERSION = 1;
				DEVELOPMENT_TEAM = P5N66NC5M2;
				GENERATE_INFOPLIST_FILE = YES;
				MARKETING_VERSION = 1.0;
				PRODUCT_BUNDLE_IDENTIFIER = com.erenbagci.ToDoAppUITests;
				PRODUCT_NAME = "$(TARGET_NAME)";
				SWIFT_EMIT_LOC_STRINGS = NO;
				SWIFT_VERSION = 5.0;
				TARGETED_DEVICE_FAMILY = "1,2";
				TEST_TARGET_NAME = ToDoApp;
			};
			name = Debug;
		};
		B08EF2F028E42FDD0099F5B0 /* Release */ = {
			isa = XCBuildConfiguration;
			buildSettings = {
				ALWAYS_EMBED_SWIFT_STANDARD_LIBRARIES = YES;
				CODE_SIGN_STYLE = Automatic;
				CURRENT_PROJECT_VERSION = 1;
				DEVELOPMENT_TEAM = P5N66NC5M2;
				GENERATE_INFOPLIST_FILE = YES;
				MARKETING_VERSION = 1.0;
				PRODUCT_BUNDLE_IDENTIFIER = com.erenbagci.ToDoAppUITests;
				PRODUCT_NAME = "$(TARGET_NAME)";
				SWIFT_EMIT_LOC_STRINGS = NO;
				SWIFT_VERSION = 5.0;
				TARGETED_DEVICE_FAMILY = "1,2";
				TEST_TARGET_NAME = ToDoApp;
			};
			name = Release;
		};
/* End XCBuildConfiguration section */

/* Begin XCConfigurationList section */
		B08EF2B928E42FDB0099F5B0 /* Build configuration list for PBXProject "ToDoApp" */ = {
			isa = XCConfigurationList;
			buildConfigurations = (
				B08EF2E628E42FDD0099F5B0 /* Debug */,
				B08EF2E728E42FDD0099F5B0 /* Release */,
			);
			defaultConfigurationIsVisible = 0;
			defaultConfigurationName = Release;
		};
		B08EF2E828E42FDD0099F5B0 /* Build configuration list for PBXNativeTarget "ToDoApp" */ = {
			isa = XCConfigurationList;
			buildConfigurations = (
				B08EF2E928E42FDD0099F5B0 /* Debug */,
				B08EF2EA28E42FDD0099F5B0 /* Release */,
			);
			defaultConfigurationIsVisible = 0;
			defaultConfigurationName = Release;
		};
		B08EF2EB28E42FDD0099F5B0 /* Build configuration list for PBXNativeTarget "ToDoAppTests" */ = {
			isa = XCConfigurationList;
			buildConfigurations = (
				B08EF2EC28E42FDD0099F5B0 /* Debug */,
				B08EF2ED28E42FDD0099F5B0 /* Release */,
			);
			defaultConfigurationIsVisible = 0;
			defaultConfigurationName = Release;
		};
		B08EF2EE28E42FDD0099F5B0 /* Build configuration list for PBXNativeTarget "ToDoAppUITests" */ = {
			isa = XCConfigurationList;
			buildConfigurations = (
				B08EF2EF28E42FDD0099F5B0 /* Debug */,
				B08EF2F028E42FDD0099F5B0 /* Release */,
			);
			defaultConfigurationIsVisible = 0;
			defaultConfigurationName = Release;
		};
/* End XCConfigurationList section */
	};
	rootObject = B08EF2B628E42FDB0099F5B0 /* Project object */;
}
